{
  "nodes": {
    "nixpkgs": {
      "locked": {
        "lastModified": 1789943723,
        "narHash": "sha256-pQz2oLlr/4hYp7uCMcBN0+ZvCC+i6amF5PdJFXZTk2s=",
        "owner": "NixOS",
        "repo": "nixpkgs",
        "rev": "81754a2e3420097245cf5d28a44ec900192642ba",
        "type": "github"
      },
      "original": {
        "owner": "NixOS",
        "ref": "release-26.05",
        "repo": "nixpkgs",
        "type": "github"
      }
    },
    "root": {
      "inputs": {
        "nixpkgs": "nixpkgs"
      }
    }
  },
  "root": "root",
  "version": 7
}
